PODS:
  - barcode_scan (0.0.1):
    - Flutter
    - MTBBarcodeScanner
  - Flutter (1.0.0)
  - FMDB (2.7.5):
    - FMDB/standard (= 2.7.5)
  - FMDB/standard (2.7.5)
  - geolocator (5.3.1):
    - Flutter
  - imei_plugin (0.0.1):
    - Flutter
  - location_permissions (2.0.5):
    - Flutter
  - MTBBarcodeScanner (5.0.11)
  - sqflite (0.0.1):
    - Flutter
    - FMDB (~> 2.7.2)

DEPENDENCIES:
  - barcode_scan (from `.symlinks/plugins/barcode_scan/ios`)
  - Flutter (from `Flutter`)
  - geolocator (from `.symlinks/plugins/geolocator/ios`)
  - imei_plugin (from `.symlinks/plugins/imei_plugin/ios`)
  - location_permissions (from `.symlinks/plugins/location_permissions/ios`)
  - sqflite (from `.symlinks/plugins/sqflite/ios`)

SPEC REPOS:
  trunk:
    - FMDB
    - MTBBarcodeScanner

EXTERNAL SOURCES:
  barcode_scan:
    :path: ".symlinks/plugins/barcode_scan/ios"
  Flutter:
    :path: Flutter
  geolocator:
    :path: ".symlinks/plugins/geolocator/ios"
  imei_plugin:
    :path: ".symlinks/plugins/imei_plugin/ios"
  location_permissions:
    :path: ".symlinks/plugins/location_permissions/ios"
  sqflite:
    :path: ".symlinks/plugins/sqflite/ios"

SPEC CHECKSUMS:
  barcode_scan: 33f586d02270046fc6559135038b34b5754eaa4f
  Flutter: 0e3d915762c693b495b44d77113d4970485de6ec
  FMDB: 2ce00b547f966261cd18927a3ddb07cb6f3db82a
  geolocator: 460cc8e850b616f8c0e90944c86517d91ccbb686
  imei_plugin: cb1af7c223ac2d82dcd1457a7137d93d65d2a3cd
  location_permissions: 4a49d4e5bec5b653643e551ab77963cc99bb0e4a
  MTBBarcodeScanner: f453b33c4b7dfe545d8c6484ed744d55671788cb
  sqflite: 4001a31ff81d210346b500c55b17f4d6c7589dd0

PODFILE CHECKSUM: aafe91acc616949ddb318b77800a7f51bffa2a4c

COCOAPODS: 1.9.3
